PODS:
  - Capacitor (7.6.8):
    - CapacitorCordova
  - CapacitorCordova (7.6.8)

DEPENDENCIES:
  - "Capacitor (from `../../../../node_modules/.pnpm/@capacitor+ios@7.6.8_@capacitor+core@7.6.8/node_modules/@capacitor/ios`)"
  - "CapacitorCordova (from `../../../../node_modules/.pnpm/@capacitor+ios@7.6.8_@capacitor+core@7.6.8/node_modules/@capacitor/ios`)"

EXTERNAL SOURCES:
  Capacitor:
    :path: "../../../../node_modules/.pnpm/@capacitor+ios@7.6.8_@capacitor+core@7.6.8/node_modules/@capacitor/ios"
  CapacitorCordova:
    :path: "../../../../node_modules/.pnpm/@capacitor+ios@7.6.8_@capacitor+core@7.6.8/node_modules/@capacitor/ios"

SPEC CHECKSUMS:
  Capacitor: 6732cd599444d14e7ad5f4b1a3b9694f6e205572
  CapacitorCordova: e61ee8c40101b8cd011d0224261606a290c082cf

PODFILE CHECKSUM: b19b49b271fb67e6f7a00e26b26a729fa8dce770

COCOAPODS: 1.11.2
